
Microsoft Visual Studio Solution File, Format Version 11.00
# Visual Studio 2010
Project("{FAE04EC0-301F-11D3-BF4B-00C04F79EFBC}") = "Sky Router Tool Web", "Sky Router Tool Web\Sky Router Tool Web.csproj", "{B0DBA894-C7AE-410B-BEF3-F635BAF34FE4}"
EndProject
Project("{FAE04EC0-301F-11D3-BF4B-00C04F79EFBC}") = "pHMb.pHHttp", "pH-Http\pHMb.pHHttp.csproj", "{D0205CE5-C92F-4D2C-89F8-AB6BC9105C03}"
EndProject
Project("{FAE04EC0-301F-11D3-BF4B-00C04F79EFBC}") = "pHMb.Router", "pHMb.Router\pHMb.Router.csproj", "{F35D827E-46BF-4560-8D98-A6933345C2F0}"
EndProject
Project("{54435603-DBB4-11D2-8724-00A0C9A8B90C}") = "Installer", "Installer\Installer.vdproj", "{46E4482D-A495-4DDD-92A8-2B192DE03628}"
EndProject
Project("{FAE04EC0-301F-11D3-BF4B-00C04F79EFBC}") = "pHMb.AlphaPortal.ContentDataBuilder", "pHMb.AlphaPortal.ContentDataBuilder\pHMb.AlphaPortal.ContentDataBuilder.csproj", "{00F63128-4BA7-4C4A-8FA4-1C8133990902}"
EndProject
Project("{2150E333-8FDC-42A3-9474-1A3956D46DE8}") = "Solution Items", "Solution Items", "{F6CC1D6C-2F5A-4924-A301-0830D7607E83}"
	ProjectSection(SolutionItems) = preProject
		Sky Router Tool Web.vsmdi = Sky Router Tool Web.vsmdi
	EndProjectSection
EndProject
Global
	GlobalSection(SubversionScc) = preSolution
		Svn-Managed = True
		Manager = AnkhSVN - Subversion Support for Visual Studio
	EndGlobalSection
	GlobalSection(TestCaseManagementSettings) = postSolution
		CategoryFile = Sky Router Tool Web.vsmdi
	EndGlobalSection
	GlobalSection(SolutionConfigurationPlatforms) = preSolution
		Debug|Any CPU = Debug|Any CPU
		Debug|Mixed Platforms = Debug|Mixed Platforms
		Debug|x86 = Debug|x86
		Release|Any CPU = Release|Any CPU
		Release|Mixed Platforms = Release|Mixed Platforms
		Release|x86 = Release|x86
	EndGlobalSection
	GlobalSection(ProjectConfigurationPlatforms) = postSolution
		{B0DBA894-C7AE-410B-BEF3-F635BAF34FE4}.Debug|Any CPU.ActiveCfg = Debug|Any CPU
		{B0DBA894-C7AE-410B-BEF3-F635BAF34FE4}.Debug|Any CPU.Build.0 = Debug|Any CPU
		{B0DBA894-C7AE-410B-BEF3-F635BAF34FE4}.Debug|Mixed Platforms.ActiveCfg = Debug|x86
		{B0DBA894-C7AE-410B-BEF3-F635BAF34FE4}.Debug|Mixed Platforms.Build.0 = Debug|x86
		{B0DBA894-C7AE-410B-BEF3-F635BAF34FE4}.Debug|x86.ActiveCfg = Debug|x86
		{B0DBA894-C7AE-410B-BEF3-F635BAF34FE4}.Debug|x86.Build.0 = Debug|x86
		{B0DBA894-C7AE-410B-BEF3-F635BAF34FE4}.Release|Any CPU.ActiveCfg = Release|Any CPU
		{B0DBA894-C7AE-410B-BEF3-F635BAF34FE4}.Release|Any CPU.Build.0 = Release|Any CPU
		{B0DBA894-C7AE-410B-BEF3-F635BAF34FE4}.Release|Mixed Platforms.ActiveCfg = Release|x86
		{B0DBA894-C7AE-410B-BEF3-F635BAF34FE4}.Release|Mixed Platforms.Build.0 = Release|x86
		{B0DBA894-C7AE-410B-BEF3-F635BAF34FE4}.Release|x86.ActiveCfg = Release|x86
		{B0DBA894-C7AE-410B-BEF3-F635BAF34FE4}.Release|x86.Build.0 = Release|x86
		{D0205CE5-C92F-4D2C-89F8-AB6BC9105C03}.Debug|Any CPU.ActiveCfg = Debug|Any CPU
		{D0205CE5-C92F-4D2C-89F8-AB6BC9105C03}.Debug|Any CPU.Build.0 = Debug|Any CPU
		{D0205CE5-C92F-4D2C-89F8-AB6BC9105C03}.Debug|Mixed Platforms.ActiveCfg = Debug|x86
		{D0205CE5-C92F-4D2C-89F8-AB6BC9105C03}.Debug|Mixed Platforms.Build.0 = Debug|x86
		{D0205CE5-C92F-4D2C-89F8-AB6BC9105C03}.Debug|x86.ActiveCfg = Debug|x86
		{D0205CE5-C92F-4D2C-89F8-AB6BC9105C03}.Debug|x86.Build.0 = Debug|x86
		{D0205CE5-C92F-4D2C-89F8-AB6BC9105C03}.Release|Any CPU.ActiveCfg = Release|Any CPU
		{D0205CE5-C92F-4D2C-89F8-AB6BC9105C03}.Release|Any CPU.Build.0 = Release|Any CPU
		{D0205CE5-C92F-4D2C-89F8-AB6BC9105C03}.Release|Mixed Platforms.ActiveCfg = Release|x86
		{D0205CE5-C92F-4D2C-89F8-AB6BC9105C03}.Release|Mixed Platforms.Build.0 = Release|x86
		{D0205CE5-C92F-4D2C-89F8-AB6BC9105C03}.Release|x86.ActiveCfg = Release|x86
		{D0205CE5-C92F-4D2C-89F8-AB6BC9105C03}.Release|x86.Build.0 = Release|x86
		{F35D827E-46BF-4560-8D98-A6933345C2F0}.Debug|Any CPU.ActiveCfg = Debug|Any CPU
		{F35D827E-46BF-4560-8D98-A6933345C2F0}.Debug|Any CPU.Build.0 = Debug|Any CPU
		{F35D827E-46BF-4560-8D98-A6933345C2F0}.Debug|Mixed Platforms.ActiveCfg = Debug|x86
		{F35D827E-46BF-4560-8D98-A6933345C2F0}.Debug|Mixed Platforms.Build.0 = Debug|x86
		{F35D827E-46BF-4560-8D98-A6933345C2F0}.Debug|x86.ActiveCfg = Debug|x86
		{F35D827E-46BF-4560-8D98-A6933345C2F0}.Debug|x86.Build.0 = Debug|x86
		{F35D827E-46BF-4560-8D98-A6933345C2F0}.Release|Any CPU.ActiveCfg = Release|Any CPU
		{F35D827E-46BF-4560-8D98-A6933345C2F0}.Release|Any CPU.Build.0 = Release|Any CPU
		{F35D827E-46BF-4560-8D98-A6933345C2F0}.Release|Mixed Platforms.ActiveCfg = Release|x86
		{F35D827E-46BF-4560-8D98-A6933345C2F0}.Release|Mixed Platforms.Build.0 = Release|x86
		{F35D827E-46BF-4560-8D98-A6933345C2F0}.Release|x86.ActiveCfg = Release|x86
		{F35D827E-46BF-4560-8D98-A6933345C2F0}.Release|x86.Build.0 = Release|x86
		{46E4482D-A495-4DDD-92A8-2B192DE03628}.Debug|Any CPU.ActiveCfg = Debug
		{46E4482D-A495-4DDD-92A8-2B192DE03628}.Debug|Mixed Platforms.ActiveCfg = Debug
		{46E4482D-A495-4DDD-92A8-2B192DE03628}.Debug|Mixed Platforms.Build.0 = Debug
		{46E4482D-A495-4DDD-92A8-2B192DE03628}.Debug|x86.ActiveCfg = Debug
		{46E4482D-A495-4DDD-92A8-2B192DE03628}.Release|Any CPU.ActiveCfg = Release
		{46E4482D-A495-4DDD-92A8-2B192DE03628}.Release|Any CPU.Build.0 = Release
		{46E4482D-A495-4DDD-92A8-2B192DE03628}.Release|Mixed Platforms.ActiveCfg = Release
		{46E4482D-A495-4DDD-92A8-2B192DE03628}.Release|Mixed Platforms.Build.0 = Release
		{46E4482D-A495-4DDD-92A8-2B192DE03628}.Release|x86.ActiveCfg = Release
		{46E4482D-A495-4DDD-92A8-2B192DE03628}.Release|x86.Build.0 = Release
		{00F63128-4BA7-4C4A-8FA4-1C8133990902}.Debug|Any CPU.ActiveCfg = Debug|x86
		{00F63128-4BA7-4C4A-8FA4-1C8133990902}.Debug|Mixed Platforms.ActiveCfg = Debug|x86
		{00F63128-4BA7-4C4A-8FA4-1C8133990902}.Debug|Mixed Platforms.Build.0 = Debug|x86
		{00F63128-4BA7-4C4A-8FA4-1C8133990902}.Debug|x86.ActiveCfg = Debug|x86
		{00F63128-4BA7-4C4A-8FA4-1C8133990902}.Debug|x86.Build.0 = Debug|x86
		{00F63128-4BA7-4C4A-8FA4-1C8133990902}.Release|Any CPU.ActiveCfg = Release|x86
		{00F63128-4BA7-4C4A-8FA4-1C8133990902}.Release|Mixed Platforms.ActiveCfg = Release|x86
		{00F63128-4BA7-4C4A-8FA4-1C8133990902}.Release|Mixed Platforms.Build.0 = Release|x86
		{00F63128-4BA7-4C4A-8FA4-1C8133990902}.Release|x86.ActiveCfg = Release|x86
		{00F63128-4BA7-4C4A-8FA4-1C8133990902}.Release|x86.Build.0 = Release|x86
	EndGlobalSection
	GlobalSection(SolutionProperties) = preSolution
		HideSolutionNode = FALSE
	EndGlobalSection
EndGlobal
